
Microsoft Visual Studio Solution File, Format Version 12.00
# Visual Studio Version 16
VisualStudioVersion = 16.0.30011.22
MinimumVisualStudioVersion = 10.0.40219.1
Project("{FAE04EC0-301F-11D3-BF4B-00C04F79EFBC}") = "CsharpwithDatabase", "CsharpwithDatabase\CsharpwithDatabase.csproj", "{DDA48284-7797-47A0-940B-04A1C85C2062}"
EndProject
Global
	GlobalSection(SolutionConfigurationPlatforms) = preSolution
		Debug|Any CPU = Debug|Any CPU
		Release|Any CPU = Release|Any CPU
	EndGlobalSection
	GlobalSection(ProjectConfigurationPlatforms) = postSolution
		{DDA48284-7797-47A0-940B-04A1C85C2062}.Debug|Any CPU.ActiveCfg = Debug|Any CPU
		{DDA48284-7797-47A0-940B-04A1C85C2062}.Debug|Any CPU.Build.0 = Debug|Any CPU
		{DDA48284-7797-47A0-940B-04A1C85C2062}.Release|Any CPU.ActiveCfg = Release|Any CPU
		{DDA48284-7797-47A0-940B-04A1C85C2062}.Release|Any CPU.Build.0 = Release|Any CPU
	EndGlobalSection
	GlobalSection(SolutionProperties) = preSolution
		HideSolutionNode = FALSE
	EndGlobalSection
	GlobalSection(ExtensibilityGlobals) = postSolution
		SolutionGuid = {47CE18FF-3D50-44BA-B59B-E1F3FD65C4A8}
	EndGlobalSection
EndGlobal
